
Microsoft Visual Studio Solution File, Format Version 12.00
# Visual Studio Version 16
VisualStudioVersion = 16.0.30309.148
MinimumVisualStudioVersion = 10.0.40219.1
Project("{FAE04EC0-301F-11D3-BF4B-00C04F79EFBC}") = "ScreenClient", "ScreenClient.csproj", "{FB74ACCD-4F40-4D9C-A09E-17614DF29B3A}"
EndProject
Global
	GlobalSection(SolutionConfigurationPlatforms) = preSolution
		Debug|Any CPU = Debug|Any CPU
		Release|Any CPU = Release|Any CPU
	EndGlobalSection
	GlobalSection(ProjectConfigurationPlatforms) = postSolution
		{FB74ACCD-4F40-4D9C-A09E-17614DF29B3A}.Debug|Any CPU.ActiveCfg = Debug|Any CPU
		{FB74ACCD-4F40-4D9C-A09E-17614DF29B3A}.Debug|Any CPU.Build.0 = Debug|Any CPU
		{FB74ACCD-4F40-4D9C-A09E-17614DF29B3A}.Release|Any CPU.ActiveCfg = Release|Any CPU
		{FB74ACCD-4F40-4D9C-A09E-17614DF29B3A}.Release|Any CPU.Build.0 = Release|Any CPU
	EndGlobalSection
	GlobalSection(SolutionProperties) = preSolution
		HideSolutionNode = FALSE
	EndGlobalSection
	GlobalSection(ExtensibilityGlobals) = postSolution
		SolutionGuid = {3B772153-A39D-4ABA-BBDE-F176A204D092}
	EndGlobalSection
EndGlobal
